
Microsoft Visual Studio Solution File, Format Version 12.00
# Visual Studio 15
VisualStudioVersion = 15.0.27130.2027
MinimumVisualStudioVersion = 10.0.40219.1
Project("{159641D6-6404-4A2A-AE62-294DE0FE8301}") = "Data Warehouse", "Data Warehouse\Data Warehouse.dtproj", "{F37334CC-799B-4B23-95AB-74EFB4E09CD4}"
EndProject
Global
	GlobalSection(SolutionConfigurationPlatforms) = preSolution
		Development|Default = Development|Default
	EndGlobalSection
	GlobalSection(ProjectConfigurationPlatforms) = postSolution
		{F37334CC-799B-4B23-95AB-74EFB4E09CD4}.Development|Default.ActiveCfg = Development
		{F37334CC-799B-4B23-95AB-74EFB4E09CD4}.Development|Default.Build.0 = Development
	EndGlobalSection
	GlobalSection(SolutionProperties) = preSolution
		HideSolutionNode = FALSE
	EndGlobalSection
	GlobalSection(ExtensibilityGlobals) = postSolution
		SolutionGuid = {8BA611EF-F163-433C-8BBC-6946DED332BE}
	EndGlobalSection
EndGlobal
